
Microsoft Visual Studio Solution File, Format Version 12.00
Project("{FAE04EC0-301F-11D3-BF4B-00C04F79EFBC}") = "webhooks-demo", "src\webhooks-demo.csproj", "{301FCF20-628F-4EDF-A71D-436C002B7DC9}"
EndProject
Global
	GlobalSection(SolutionConfigurationPlatforms) = preSolution
		Debug|Any CPU = Debug|Any CPU
		Release|Any CPU = Release|Any CPU
	EndGlobalSection
	GlobalSection(ProjectConfigurationPlatforms) = postSolution
		{301FCF20-628F-4EDF-A71D-436C002B7DC9}.Debug|Any CPU.ActiveCfg = Debug|Any CPU
		{301FCF20-628F-4EDF-A71D-436C002B7DC9}.Debug|Any CPU.Build.0 = Debug|Any CPU
		{301FCF20-628F-4EDF-A71D-436C002B7DC9}.Release|Any CPU.ActiveCfg = Release|Any CPU
		{301FCF20-628F-4EDF-A71D-436C002B7DC9}.Release|Any CPU.Build.0 = Release|Any CPU
	EndGlobalSection
EndGlobal
